
Microsoft Visual Studio Solution File, Format Version 12.00
Project("{FAE04EC0-301F-11D3-BF4B-00C04F79EFBC}") = "CleanCode", "CleanCode\CleanCode.csproj", "{D924E4A0-E951-4E78-88B8-248E194466BE}"
EndProject
Project("{FAE04EC0-301F-11D3-BF4B-00C04F79EFBC}") = "SimpleApi", "SimpleApi\SimpleApi.csproj", "{23684E50-A78A-4307-97A0-E34CD5FDA180}"
EndProject
Project("{FAE04EC0-301F-11D3-BF4B-00C04F79EFBC}") = "OutputCaching", "OutputCaching\OutputCaching.csproj", "{593B184C-98F7-41CA-B014-E2916B271F12}"
EndProject
Global
	GlobalSection(SolutionConfigurationPlatforms) = preSolution
		Debug|Any CPU = Debug|Any CPU
		Release|Any CPU = Release|Any CPU
	EndGlobalSection
	GlobalSection(ProjectConfigurationPlatforms) = postSolution
		{D924E4A0-E951-4E78-88B8-248E194466BE}.Debug|Any CPU.ActiveCfg = Debug|Any CPU
		{D924E4A0-E951-4E78-88B8-248E194466BE}.Debug|Any CPU.Build.0 = Debug|Any CPU
		{D924E4A0-E951-4E78-88B8-248E194466BE}.Release|Any CPU.ActiveCfg = Release|Any CPU
		{D924E4A0-E951-4E78-88B8-248E194466BE}.Release|Any CPU.Build.0 = Release|Any CPU
		{23684E50-A78A-4307-97A0-E34CD5FDA180}.Debug|Any CPU.ActiveCfg = Debug|Any CPU
		{23684E50-A78A-4307-97A0-E34CD5FDA180}.Debug|Any CPU.Build.0 = Debug|Any CPU
		{23684E50-A78A-4307-97A0-E34CD5FDA180}.Release|Any CPU.ActiveCfg = Release|Any CPU
		{23684E50-A78A-4307-97A0-E34CD5FDA180}.Release|Any CPU.Build.0 = Release|Any CPU
		{593B184C-98F7-41CA-B014-E2916B271F12}.Debug|Any CPU.ActiveCfg = Debug|Any CPU
		{593B184C-98F7-41CA-B014-E2916B271F12}.Debug|Any CPU.Build.0 = Debug|Any CPU
		{593B184C-98F7-41CA-B014-E2916B271F12}.Release|Any CPU.ActiveCfg = Release|Any CPU
		{593B184C-98F7-41CA-B014-E2916B271F12}.Release|Any CPU.Build.0 = Release|Any CPU
	EndGlobalSection
EndGlobal
